
Microsoft Visual Studio Solution File, Format Version 12.00
# Visual Studio Version 16
VisualStudioVersion = 16.0.31702.278
MinimumVisualStudioVersion = 10.0.40219.1
Project("{9A19103F-16F7-4668-BE54-9A1E7A4F7556}") = "W3R4T9_HFT_2021221.Logic", "W3R4T9_HFT_2021221.Logic\W3R4T9_HFT_2021221.Logic.csproj", "{0C74AF98-D654-47E9-B337-9BCE305C5276}"
EndProject
Project("{9A19103F-16F7-4668-BE54-9A1E7A4F7556}") = "W3R4T9_HFT_2021221.Repository", "W3R4T9_HFT_2021221.Repository\W3R4T9_HFT_2021221.Repository.csproj", "{896DE345-773D-48E0-998B-D9E0226E6927}"
EndProject
Project("{9A19103F-16F7-4668-BE54-9A1E7A4F7556}") = "W3R4T9_HFT_2021221.Test", "W3R4T9_HFT_2021221.Test\W3R4T9_HFT_2021221.Test.csproj", "{5A3A0640-9519-4D5E-88E3-50070B79AE9B}"
EndProject
Project("{2150E333-8FDC-42A3-9474-1A3956D46DE8}") = "Backend", "Backend", "{89EFB12A-19C7-4B33-865F-35ACC79A7840}"
EndProject
Project("{2150E333-8FDC-42A3-9474-1A3956D46DE8}") = "Frontend", "Frontend", "{AF152B31-5439-43F4-A9C0-B1E43C210703}"
EndProject
Project("{2150E333-8FDC-42A3-9474-1A3956D46DE8}") = "Shared", "Shared", "{604C5756-51EC-4597-91FB-959C147376C6}"
EndProject
Project("{9A19103F-16F7-4668-BE54-9A1E7A4F7556}") = "W3R4T9_HFT_2021221.Client", "W3R4T9_HFT_2021221.Client\W3R4T9_HFT_2021221.Client.csproj", "{D8664558-48AC-4943-9E40-8E4F96348E97}"
EndProject
Project("{9A19103F-16F7-4668-BE54-9A1E7A4F7556}") = "W3R4T9_HFT_2021221.Data", "W3R4T9_HFT_2021221.Data\W3R4T9_HFT_2021221.Data.csproj", "{354CE875-89A6-4068-BE05-4F3D99B8DD68}"
EndProject
Project("{9A19103F-16F7-4668-BE54-9A1E7A4F7556}") = "W3R4T9_HFT_2021221.Models", "W3R4T9_HFT_2021221.Models\W3R4T9_HFT_2021221.Models.csproj", "{13C3CDC5-1070-4E87-B38B-AFFDEDD8EF6E}"
EndProject
Project("{2150E333-8FDC-42A3-9474-1A3956D46DE8}") = "Others", "Others", "{095F2506-7D47-40A7-8B2B-130ED1707036}"
	ProjectSection(SolutionItems) = preProject
		.gitignore = .gitignore
	EndProjectSection
EndProject
Project("{9A19103F-16F7-4668-BE54-9A1E7A4F7556}") = "W3R4T9_HFT_2021221.Endpoint", "W3R4T9_HFT_2021221.EndPointNew\W3R4T9_HFT_2021221.Endpoint.csproj", "{26942222-144B-4DFA-9735-0A8BD6E9F22C}"
EndProject
Project("{9A19103F-16F7-4668-BE54-9A1E7A4F7556}") = "W3R4T9_HFT_2021221.WpfClient", "W3R4T9_HFT_2021221.WpfClient\W3R4T9_HFT_2021221.WpfClient.csproj", "{602A5645-52F6-4BCF-895F-F8FE8B2AAC36}"
EndProject
Project("{FAE04EC0-301F-11D3-BF4B-00C04F79EFBC}") = "W3R4T9_HFT_2021221.JSClient", "JSClient\W3R4T9_HFT_2021221.JSClient.csproj", "{C315B4F8-9B01-43B0-8A6B-F07EC0EF355D}"
EndProject
Global
	GlobalSection(SolutionConfigurationPlatforms) = preSolution
		Debug|Any CPU = Debug|Any CPU
		Release|Any CPU = Release|Any CPU
	EndGlobalSection
	GlobalSection(ProjectConfigurationPlatforms) = postSolution
		{0C74AF98-D654-47E9-B337-9BCE305C5276}.Debug|Any CPU.ActiveCfg = Debug|Any CPU
		{0C74AF98-D654-47E9-B337-9BCE305C5276}.Debug|Any CPU.Build.0 = Debug|Any CPU
		{0C74AF98-D654-47E9-B337-9BCE305C5276}.Release|Any CPU.ActiveCfg = Release|Any CPU
		{0C74AF98-D654-47E9-B337-9BCE305C5276}.Release|Any CPU.Build.0 = Release|Any CPU
		{896DE345-773D-48E0-998B-D9E0226E6927}.Debug|Any CPU.ActiveCfg = Debug|Any CPU
		{896DE345-773D-48E0-998B-D9E0226E6927}.Debug|Any CPU.Build.0 = Debug|Any CPU
		{896DE345-773D-48E0-998B-D9E0226E6927}.Release|Any CPU.ActiveCfg = Release|Any CPU
		{896DE345-773D-48E0-998B-D9E0226E6927}.Release|Any CPU.Build.0 = Release|Any CPU
		{5A3A0640-9519-4D5E-88E3-50070B79AE9B}.Debug|Any CPU.ActiveCfg = Debug|Any CPU
		{5A3A0640-9519-4D5E-88E3-50070B79AE9B}.Debug|Any CPU.Build.0 = Debug|Any CPU
		{5A3A0640-9519-4D5E-88E3-50070B79AE9B}.Release|Any CPU.ActiveCfg = Release|Any CPU
		{5A3A0640-9519-4D5E-88E3-50070B79AE9B}.Release|Any CPU.Build.0 = Release|Any CPU
		{D8664558-48AC-4943-9E40-8E4F96348E97}.Debug|Any CPU.ActiveCfg = Debug|Any CPU
		{D8664558-48AC-4943-9E40-8E4F96348E97}.Debug|Any CPU.Build.0 = Debug|Any CPU
		{D8664558-48AC-4943-9E40-8E4F96348E97}.Release|Any CPU.ActiveCfg = Release|Any CPU
		{D8664558-48AC-4943-9E40-8E4F96348E97}.Release|Any CPU.Build.0 = Release|Any CPU
		{354CE875-89A6-4068-BE05-4F3D99B8DD68}.Debug|Any CPU.ActiveCfg = Debug|Any CPU
		{354CE875-89A6-4068-BE05-4F3D99B8DD68}.Debug|Any CPU.Build.0 = Debug|Any CPU
		{354CE875-89A6-4068-BE05-4F3D99B8DD68}.Release|Any CPU.ActiveCfg = Release|Any CPU
		{354CE875-89A6-4068-BE05-4F3D99B8DD68}.Release|Any CPU.Build.0 = Release|Any CPU
		{13C3CDC5-1070-4E87-B38B-AFFDEDD8EF6E}.Debug|Any CPU.ActiveCfg = Debug|Any CPU
		{13C3CDC5-1070-4E87-B38B-AFFDEDD8EF6E}.Debug|Any CPU.Build.0 = Debug|Any CPU
		{13C3CDC5-1070-4E87-B38B-AFFDEDD8EF6E}.Release|Any CPU.ActiveCfg = Release|Any CPU
		{13C3CDC5-1070-4E87-B38B-AFFDEDD8EF6E}.Release|Any CPU.Build.0 = Release|Any CPU
		{26942222-144B-4DFA-9735-0A8BD6E9F22C}.Debug|Any CPU.ActiveCfg = Debug|Any CPU
		{26942222-144B-4DFA-9735-0A8BD6E9F22C}.Debug|Any CPU.Build.0 = Debug|Any CPU
		{26942222-144B-4DFA-9735-0A8BD6E9F22C}.Release|Any CPU.ActiveCfg = Release|Any CPU
		{26942222-144B-4DFA-9735-0A8BD6E9F22C}.Release|Any CPU.Build.0 = Release|Any CPU
		{602A5645-52F6-4BCF-895F-F8FE8B2AAC36}.Debug|Any CPU.ActiveCfg = Debug|Any CPU
		{602A5645-52F6-4BCF-895F-F8FE8B2AAC36}.Debug|Any CPU.Build.0 = Debug|Any CPU
		{602A5645-52F6-4BCF-895F-F8FE8B2AAC36}.Release|Any CPU.ActiveCfg = Release|Any CPU
		{602A5645-52F6-4BCF-895F-F8FE8B2AAC36}.Release|Any CPU.Build.0 = Release|Any CPU
		{C315B4F8-9B01-43B0-8A6B-F07EC0EF355D}.Debug|Any CPU.ActiveCfg = Debug|Any CPU
		{C315B4F8-9B01-43B0-8A6B-F07EC0EF355D}.Debug|Any CPU.Build.0 = Debug|Any CPU
		{C315B4F8-9B01-43B0-8A6B-F07EC0EF355D}.Release|Any CPU.ActiveCfg = Release|Any CPU
		{C315B4F8-9B01-43B0-8A6B-F07EC0EF355D}.Release|Any CPU.Build.0 = Release|Any CPU
	EndGlobalSection
	GlobalSection(SolutionProperties) = preSolution
		HideSolutionNode = FALSE
	EndGlobalSection
	GlobalSection(NestedProjects) = preSolution
		{0C74AF98-D654-47E9-B337-9BCE305C5276} = {89EFB12A-19C7-4B33-865F-35ACC79A7840}
		{896DE345-773D-48E0-998B-D9E0226E6927} = {89EFB12A-19C7-4B33-865F-35ACC79A7840}
		{5A3A0640-9519-4D5E-88E3-50070B79AE9B} = {89EFB12A-19C7-4B33-865F-35ACC79A7840}
		{D8664558-48AC-4943-9E40-8E4F96348E97} = {AF152B31-5439-43F4-A9C0-B1E43C210703}
		{354CE875-89A6-4068-BE05-4F3D99B8DD68} = {89EFB12A-19C7-4B33-865F-35ACC79A7840}
		{13C3CDC5-1070-4E87-B38B-AFFDEDD8EF6E} = {604C5756-51EC-4597-91FB-959C147376C6}
		{26942222-144B-4DFA-9735-0A8BD6E9F22C} = {89EFB12A-19C7-4B33-865F-35ACC79A7840}
		{602A5645-52F6-4BCF-895F-F8FE8B2AAC36} = {AF152B31-5439-43F4-A9C0-B1E43C210703}
		{C315B4F8-9B01-43B0-8A6B-F07EC0EF355D} = {AF152B31-5439-43F4-A9C0-B1E43C210703}
	EndGlobalSection
	GlobalSection(ExtensibilityGlobals) = postSolution
		SolutionGuid = {CA856055-91AF-45C8-ACB9-EF4BD48FD55B}
	EndGlobalSection
EndGlobal
